
Microsoft Visual Studio Solution File, Format Version 12.00
# Visual Studio Version 16
VisualStudioVersion = 16.0.29215.179
MinimumVisualStudioVersion = 10.0.40219.1
Project("{FAE04EC0-301F-11D3-BF4B-00C04F79EFBC}") = "CybersecurityWebApp", "CybersecurityWebApp.csproj", "{EC5865A5-4B8B-4AC0-AC90-DAF0D38D607E}"
EndProject
Global
	GlobalSection(SolutionConfigurationPlatforms) = preSolution
		Debug|Any CPU = Debug|Any CPU
		Release|Any CPU = Release|Any CPU
	EndGlobalSection
	GlobalSection(ProjectConfigurationPlatforms) = postSolution
		{EC5865A5-4B8B-4AC0-AC90-DAF0D38D607E}.Debug|Any CPU.ActiveCfg = Debug|Any CPU
		{EC5865A5-4B8B-4AC0-AC90-DAF0D38D607E}.Debug|Any CPU.Build.0 = Debug|Any CPU
		{EC5865A5-4B8B-4AC0-AC90-DAF0D38D607E}.Release|Any CPU.ActiveCfg = Release|Any CPU
		{EC5865A5-4B8B-4AC0-AC90-DAF0D38D607E}.Release|Any CPU.Build.0 = Release|Any CPU
	EndGlobalSection
	GlobalSection(SolutionProperties) = preSolution
		HideSolutionNode = FALSE
	EndGlobalSection
	GlobalSection(ExtensibilityGlobals) = postSolution
		SolutionGuid = {1DF8CB53-A445-4DE5-B5DE-A68C93B386D6}
	EndGlobalSection
EndGlobal
